github.com/goplus/yap v0.6.0 h1:mnR1P5VLqhtHnjyvBvH9UkHOqRLIOYjwMXFcPwODO/M=
github.com/goplus/yap v0.6.0/go.mod h1:VCbGlZo2lUgRWciTZwA5JEOuCUf8T2PhxZZ0HXqzgBk=
github.com/yuin/goldmark v1.6.0 h1:boZcn2GTjpsynOsC0iJHnBWa4Bi0qzfJjthwauItG68=
github.com/yuin/goldmark v1.6.0/go.mod h1:6yULJ656Px+3vBD8DxQVa3kxgyrAnzto9xy5taEt/CY=
